
Microsoft Visual Studio Solution File, Format Version 12.00
# Visual Studio 2012
Project("{FAE04EC0-301F-11D3-BF4B-00C04F79EFBC}") = "Terradue.News", "Terradue.News\Terradue.News.csproj", "{0769052E-E7AB-414F-AD4C-D96D64BF8B4A}"
EndProject
Global
	GlobalSection(SolutionConfigurationPlatforms) = preSolution
		Debug|Any CPU = Debug|Any CPU
		Release|Any CPU = Release|Any CPU
	EndGlobalSection
	GlobalSection(ProjectConfigurationPlatforms) = postSolution
		{0769052E-E7AB-414F-AD4C-D96D64BF8B4A}.Debug|Any CPU.ActiveCfg = Debug|Any CPU
		{0769052E-E7AB-414F-AD4C-D96D64BF8B4A}.Debug|Any CPU.Build.0 = Debug|Any CPU
		{0769052E-E7AB-414F-AD4C-D96D64BF8B4A}.Release|Any CPU.ActiveCfg = Release|Any CPU
		{0769052E-E7AB-414F-AD4C-D96D64BF8B4A}.Release|Any CPU.Build.0 = Release|Any CPU
	EndGlobalSection
	GlobalSection(MonoDevelopProperties) = preSolution
		StartupItem = Terradue.News\Terradue.News.csproj
	EndGlobalSection
EndGlobal
